// !$*UTF8*$!
{
	archiveVersion = 1;
	classes = {
	};
	objectVersion = 56;
	objects = {

/* Begin PBXBuildFile section */
		14EFB2162C4F46D60074E1ED /* SignUpView.swift in Sources */ = {isa = PBXBuildFile; fileRef = 14EFB2152C4F46D60074E1ED /* SignUpView.swift */; };
		43C880BB2C4E46DC00985151 /* LoginView.swift in Sources */ = {isa = PBXBuildFile; fileRef = 43C880BA2C4E46DC00985151 /* LoginView.swift */; };
		43C880BF2C4E7BE300985151 /* BagelFatOne-Regular.ttf in Resources */ = {isa = PBXBuildFile; fileRef = 43C880BC2C4E7BE300985151 /* BagelFatOne-Regular.ttf */; };
		43C880C02C4E7BE300985151 /* OFL.txt in Resources */ = {isa = PBXBuildFile; fileRef = 43C880BD2C4E7BE300985151 /* OFL.txt */; };
		43DF1A782C4F923500E6C7C1 /* MyPageViewController.swift in Sources */ = {isa = PBXBuildFile; fileRef = 43DF1A772C4F923500E6C7C1 /* MyPageViewController.swift */; };
		43DF1A7A2C4F92AF00E6C7C1 /* MyPageView.swift in Sources */ = {isa = PBXBuildFile; fileRef = 43DF1A792C4F92AF00E6C7C1 /* MyPageView.swift */; };
		43DF1A7E2C4F9C0900E6C7C1 /* HistoryTableViewCell.swift in Sources */ = {isa = PBXBuildFile; fileRef = 43DF1A7D2C4F9C0900E6C7C1 /* HistoryTableViewCell.swift */; };
		6B0715FE2C4E051A00B1605D /* AppDelegate.swift in Sources */ = {isa = PBXBuildFile; fileRef = 6B0715FD2C4E051A00B1605D /* AppDelegate.swift */; };
		6B0716002C4E051A00B1605D /* SceneDelegate.swift in Sources */ = {isa = PBXBuildFile; fileRef = 6B0715FF2C4E051A00B1605D /* SceneDelegate.swift */; };
		6B0716022C4E051A00B1605D /* MapViewController.swift in Sources */ = {isa = PBXBuildFile; fileRef = 6B0716012C4E051A00B1605D /* MapViewController.swift */; };
		6B0716082C4E051A00B1605D /* KickboardApp.xcdatamodeld in Sources */ = {isa = PBXBuildFile; fileRef = 6B0716062C4E051A00B1605D /* KickboardApp.xcdatamodeld */; };
		6B07160A2C4E051C00B1605D /* Assets.xcassets in Resources */ = {isa = PBXBuildFile; fileRef = 6B0716092C4E051C00B1605D /* Assets.xcassets */; };
		6B07160D2C4E051C00B1605D /* Base in Resources */ = {isa = PBXBuildFile; fileRef = 6B07160C2C4E051C00B1605D /* Base */; };
		6B0716162C4E058100B1605D /* SnapKit in Frameworks */ = {isa = PBXBuildFile; productRef = 6B0716152C4E058100B1605D /* SnapKit */; };
		6B0716542C4FF57400B1605D /* ModalViewController.swift in Sources */ = {isa = PBXBuildFile; fileRef = 6B0716532C4FF57400B1605D /* ModalViewController.swift */; };
		6B0716562C4FFBC800B1605D /* PayHalfModalView.swift in Sources */ = {isa = PBXBuildFile; fileRef = 6B0716552C4FFBC700B1605D /* PayHalfModalView.swift */; };
		6B0716592C500DD200B1605D /* PromotionHalfModalView.swift in Sources */ = {isa = PBXBuildFile; fileRef = 6B0716582C500DD200B1605D /* PromotionHalfModalView.swift */; };
		6B07165C2C50D36D00B1605D /* TimerModel.swift in Sources */ = {isa = PBXBuildFile; fileRef = 6B07165B2C50D36D00B1605D /* TimerModel.swift */; };
		E519AC482C5197E6009D6A54 /* POIModel.swift in Sources */ = {isa = PBXBuildFile; fileRef = E519AC472C5197E6009D6A54 /* POIModel.swift */; };
		E51B40932C50C0BE005F223A /* MapView.swift in Sources */ = {isa = PBXBuildFile; fileRef = E51B40922C50C0BE005F223A /* MapView.swift */; };
		E550BACB2C4E4BF8000285BD /* KakaoMapsSDK-SPM in Frameworks */ = {isa = PBXBuildFile; productRef = E550BACA2C4E4BF8000285BD /* KakaoMapsSDK-SPM */; };
		E5AD93832C520C940080FB16 /* ReturnView.swift in Sources */ = {isa = PBXBuildFile; fileRef = E5AD93822C520C940080FB16 /* ReturnView.swift */; };
		E5D672C02C5687BC00E6CF26 /* HistoryViewController.swift in Sources */ = {isa = PBXBuildFile; fileRef = E5D672BF2C5687BC00E6CF26 /* HistoryViewController.swift */; };
		E5D672C22C56913F00E6CF26 /* HistoryView.swift in Sources */ = {isa = PBXBuildFile; fileRef = E5D672C12C56913F00E6CF26 /* HistoryView.swift */; };
		E705A1322C51E3470094BD55 /* Alamofire in Frameworks */ = {isa = PBXBuildFile; productRef = E705A1312C51E3470094BD55 /* Alamofire */; };
		E705A1352C51E38A0094BD55 /* NetworkManager.swift in Sources */ = {isa = PBXBuildFile; fileRef = E705A1342C51E38A0094BD55 /* NetworkManager.swift */; };
		E705A1372C51E3A40094BD55 /* SearchMapView.swift in Sources */ = {isa = PBXBuildFile; fileRef = E705A1362C51E3A40094BD55 /* SearchMapView.swift */; };
		E705A1392C51E3DB0094BD55 /* SearchedAddressModel.swift in Sources */ = {isa = PBXBuildFile; fileRef = E705A1382C51E3DB0094BD55 /* SearchedAddressModel.swift */; };
		E72182FC2C4E33100050A6F0 /* LoginViewController.swift in Sources */ = {isa = PBXBuildFile; fileRef = E72182FB2C4E33100050A6F0 /* LoginViewController.swift */; };
		E72182FE2C4E33600050A6F0 /* SignUpViewController.swift in Sources */ = {isa = PBXBuildFile; fileRef = E72182FD2C4E33600050A6F0 /* SignUpViewController.swift */; };
		E72183002C4E336F0050A6F0 /* ReturnViewController.swift in Sources */ = {isa = PBXBuildFile; fileRef = E72182FF2C4E336F0050A6F0 /* ReturnViewController.swift */; };
		E721831B2C4E3BB20050A6F0 /* Kickboards+CoreDataClass.swift in Sources */ = {isa = PBXBuildFile; fileRef = E72183152C4E3BB20050A6F0 /* Kickboards+CoreDataClass.swift */; };
		E721831C2C4E3BB20050A6F0 /* Kickboards+CoreDataProperties.swift in Sources */ = {isa = PBXBuildFile; fileRef = E72183162C4E3BB20050A6F0 /* Kickboards+CoreDataProperties.swift */; };
		E721831D2C4E3BB20050A6F0 /* Users+CoreDataClass.swift in Sources */ = {isa = PBXBuildFile; fileRef = E72183172C4E3BB20050A6F0 /* Users+CoreDataClass.swift */; };
		E721831E2C4E3BB20050A6F0 /* Users+CoreDataProperties.swift in Sources */ = {isa = PBXBuildFile; fileRef = E72183182C4E3BB20050A6F0 /* Users+CoreDataProperties.swift */; };
		E721831F2C4E3BB20050A6F0 /* RideData+CoreDataClass.swift in Sources */ = {isa = PBXBuildFile; fileRef = E72183192C4E3BB20050A6F0 /* RideData+CoreDataClass.swift */; };
		E72183202C4E3BB20050A6F0 /* RideData+CoreDataProperties.swift in Sources */ = {isa = PBXBuildFile; fileRef = E721831A2C4E3BB20050A6F0 /* RideData+CoreDataProperties.swift */; };
		E72183262C4E5EA10050A6F0 /* CoreDataManager.swift in Sources */ = {isa = PBXBuildFile; fileRef = E72183252C4E5EA10050A6F0 /* CoreDataManager.swift */; };
		E72183502C4F77080050A6F0 /* MainTabbarController.swift in Sources */ = {isa = PBXBuildFile; fileRef = E721834F2C4F77080050A6F0 /* MainTabbarController.swift */; };
		E77D471F2C54B68D00D9347B /* UIViewControllerExtension.swift in Sources */ = {isa = PBXBuildFile; fileRef = E77D471E2C54B68D00D9347B /* UIViewControllerExtension.swift */; };
		E77D47212C54EBFF00D9347B /* MapButtonModel.swift in Sources */ = {isa = PBXBuildFile; fileRef = E77D47202C54EBFF00D9347B /* MapButtonModel.swift */; };
		E77D47232C552AC600D9347B /* UIColorExtension.swift in Sources */ = {isa = PBXBuildFile; fileRef = E77D47222C552AC600D9347B /* UIColorExtension.swift */; };
		E77D47262C55349F00D9347B /* AlertImageView.swift in Sources */ = {isa = PBXBuildFile; fileRef = E77D47252C55349F00D9347B /* AlertImageView.swift */; };
		E7A692062C4F9E4D005DB1F0 /* DataGenerator.swift in Sources */ = {isa = PBXBuildFile; fileRef = E7A692052C4F9E4D005DB1F0 /* DataGenerator.swift */; };
/* End PBXBuildFile section */

/* Begin PBXFileReference section */
		14EFB2152C4F46D60074E1ED /* SignUpView.swift */ = {isa = PBXFileReference; lastKnownFileType = sourcecode.swift; path = SignUpView.swift; sourceTree = "<group>"; };
		43C880BA2C4E46DC00985151 /* LoginView.swift */ = {isa = PBXFileReference; lastKnownFileType = sourcecode.swift; path = LoginView.swift; sourceTree = "<group>"; };
		43C880BC2C4E7BE300985151 /* BagelFatOne-Regular.ttf */ = {isa = PBXFileReference; lastKnownFileType = file; path = "BagelFatOne-Regular.ttf"; sourceTree = "<group>"; };
		43C880BD2C4E7BE300985151 /* OFL.txt */ = {isa = PBXFileReference; fileEncoding = 4; lastKnownFileType = text; path = OFL.txt; sourceTree = "<group>"; };
		43DF1A772C4F923500E6C7C1 /* MyPageViewController.swift */ = {isa = PBXFileReference; lastKnownFileType = sourcecode.swift; path = MyPageViewController.swift; sourceTree = "<group>"; };
		43DF1A792C4F92AF00E6C7C1 /* MyPageView.swift */ = {isa = PBXFileReference; lastKnownFileType = sourcecode.swift; path = MyPageView.swift; sourceTree = "<group>"; };
		43DF1A7D2C4F9C0900E6C7C1 /* HistoryTableViewCell.swift */ = {isa = PBXFileReference; lastKnownFileType = sourcecode.swift; path = HistoryTableViewCell.swift; sourceTree = "<group>"; };
		6B0715FA2C4E051A00B1605D /* KickboardApp.app */ = {isa = PBXFileReference; explicitFileType = wrapper.application; includeInIndex = 0; path = KickboardApp.app; sourceTree = BUILT_PRODUCTS_DIR; };
		6B0715FD2C4E051A00B1605D /* AppDelegate.swift */ = {isa = PBXFileReference; lastKnownFileType = sourcecode.swift; path = AppDelegate.swift; sourceTree = "<group>"; };
		6B0715FF2C4E051A00B1605D /* SceneDelegate.swift */ = {isa = PBXFileReference; lastKnownFileType = sourcecode.swift; path = SceneDelegate.swift; sourceTree = "<group>"; };
		6B0716012C4E051A00B1605D /* MapViewController.swift */ = {isa = PBXFileReference; lastKnownFileType = sourcecode.swift; path = MapViewController.swift; sourceTree = "<group>"; };
		6B0716072C4E051A00B1605D /* KickboardApp.xcdatamodel */ = {isa = PBXFileReference; lastKnownFileType = wrapper.xcdatamodel; path = KickboardApp.xcdatamodel; sourceTree = "<group>"; };
		6B0716092C4E051C00B1605D /* Assets.xcassets */ = {isa = PBXFileReference; lastKnownFileType = folder.assetcatalog; path = Assets.xcassets; sourceTree = "<group>"; };
		6B07160C2C4E051C00B1605D /* Base */ = {isa = PBXFileReference; lastKnownFileType = file.storyboard; name = Base; path = Base.lproj/LaunchScreen.storyboard; sourceTree = "<group>"; };
		6B07160E2C4E051C00B1605D /* Info.plist */ = {isa = PBXFileReference; lastKnownFileType = text.plist.xml; path = Info.plist; sourceTree = "<group>"; };
		6B0716532C4FF57400B1605D /* ModalViewController.swift */ = {isa = PBXFileReference; lastKnownFileType = sourcecode.swift; path = ModalViewController.swift; sourceTree = "<group>"; };
		6B0716552C4FFBC700B1605D /* PayHalfModalView.swift */ = {isa = PBXFileReference; lastKnownFileType = sourcecode.swift; path = PayHalfModalView.swift; sourceTree = "<group>"; };
		6B0716582C500DD200B1605D /* PromotionHalfModalView.swift */ = {isa = PBXFileReference; lastKnownFileType = sourcecode.swift; path = PromotionHalfModalView.swift; sourceTree = "<group>"; };
		6B07165B2C50D36D00B1605D /* TimerModel.swift */ = {isa = PBXFileReference; lastKnownFileType = sourcecode.swift; path = TimerModel.swift; sourceTree = "<group>"; };
		E519AC472C5197E6009D6A54 /* POIModel.swift */ = {isa = PBXFileReference; lastKnownFileType = sourcecode.swift; path = POIModel.swift; sourceTree = "<group>"; };
		E51B40922C50C0BE005F223A /* MapView.swift */ = {isa = PBXFileReference; lastKnownFileType = sourcecode.swift; name = MapView.swift; path = KickboardApp/View/MapView/MapView.swift; sourceTree = SOURCE_ROOT; };
		E5AD93822C520C940080FB16 /* ReturnView.swift */ = {isa = PBXFileReference; lastKnownFileType = sourcecode.swift; path = ReturnView.swift; sourceTree = "<group>"; };
		E5D672BF2C5687BC00E6CF26 /* HistoryViewController.swift */ = {isa = PBXFileReference; lastKnownFileType = sourcecode.swift; name = HistoryViewController.swift; path = KickboardApp/View/HistoryView/HistoryViewController.swift; sourceTree = SOURCE_ROOT; };
		E5D672C12C56913F00E6CF26 /* HistoryView.swift */ = {isa = PBXFileReference; lastKnownFileType = sourcecode.swift; path = HistoryView.swift; sourceTree = "<group>"; };
		E705A1342C51E38A0094BD55 /* NetworkManager.swift */ = {isa = PBXFileReference; lastKnownFileType = sourcecode.swift; path = NetworkManager.swift; sourceTree = "<group>"; };
		E705A1362C51E3A40094BD55 /* SearchMapView.swift */ = {isa = PBXFileReference; lastKnownFileType = sourcecode.swift; path = SearchMapView.swift; sourceTree = "<group>"; };
		E705A1382C51E3DB0094BD55 /* SearchedAddressModel.swift */ = {isa = PBXFileReference; lastKnownFileType = sourcecode.swift; path = SearchedAddressModel.swift; sourceTree = "<group>"; };
		E72182FB2C4E33100050A6F0 /* LoginViewController.swift */ = {isa = PBXFileReference; lastKnownFileType = sourcecode.swift; path = LoginViewController.swift; sourceTree = "<group>"; };
		E72182FD2C4E33600050A6F0 /* SignUpViewController.swift */ = {isa = PBXFileReference; lastKnownFileType = sourcecode.swift; path = SignUpViewController.swift; sourceTree = "<group>"; };
		E72182FF2C4E336F0050A6F0 /* ReturnViewController.swift */ = {isa = PBXFileReference; lastKnownFileType = sourcecode.swift; path = ReturnViewController.swift; sourceTree = "<group>"; };
		E72183152C4E3BB20050A6F0 /* Kickboards+CoreDataClass.swift */ = {isa = PBXFileReference; lastKnownFileType = sourcecode.swift; path = "Kickboards+CoreDataClass.swift"; sourceTree = "<group>"; };
		E72183162C4E3BB20050A6F0 /* Kickboards+CoreDataProperties.swift */ = {isa = PBXFileReference; lastKnownFileType = sourcecode.swift; path = "Kickboards+CoreDataProperties.swift"; sourceTree = "<group>"; };
		E72183172C4E3BB20050A6F0 /* Users+CoreDataClass.swift */ = {isa = PBXFileReference; lastKnownFileType = sourcecode.swift; path = "Users+CoreDataClass.swift"; sourceTree = "<group>"; };
		E72183182C4E3BB20050A6F0 /* Users+CoreDataProperties.swift */ = {isa = PBXFileReference; lastKnownFileType = sourcecode.swift; path = "Users+CoreDataProperties.swift"; sourceTree = "<group>"; };
		E72183192C4E3BB20050A6F0 /* RideData+CoreDataClass.swift */ = {isa = PBXFileReference; lastKnownFileType = sourcecode.swift; path = "RideData+CoreDataClass.swift"; sourceTree = "<group>"; };
		E721831A2C4E3BB20050A6F0 /* RideData+CoreDataProperties.swift */ = {isa = PBXFileReference; lastKnownFileType = sourcecode.swift; path = "RideData+CoreDataProperties.swift"; sourceTree = "<group>"; };
		E72183252C4E5EA10050A6F0 /* CoreDataManager.swift */ = {isa = PBXFileReference; lastKnownFileType = sourcecode.swift; path = CoreDataManager.swift; sourceTree = "<group>"; };
		E721834F2C4F77080050A6F0 /* MainTabbarController.swift */ = {isa = PBXFileReference; lastKnownFileType = sourcecode.swift; path = MainTabbarController.swift; sourceTree = "<group>"; };
		E77D471E2C54B68D00D9347B /* UIViewControllerExtension.swift */ = {isa = PBXFileReference; lastKnownFileType = sourcecode.swift; path = UIViewControllerExtension.swift; sourceTree = "<group>"; };
		E77D47202C54EBFF00D9347B /* MapButtonModel.swift */ = {isa = PBXFileReference; lastKnownFileType = sourcecode.swift; path = MapButtonModel.swift; sourceTree = "<group>"; };
		E77D47222C552AC600D9347B /* UIColorExtension.swift */ = {isa = PBXFileReference; lastKnownFileType = sourcecode.swift; path = UIColorExtension.swift; sourceTree = "<group>"; };
		E77D47252C55349F00D9347B /* AlertImageView.swift */ = {isa = PBXFileReference; lastKnownFileType = sourcecode.swift; path = AlertImageView.swift; sourceTree = "<group>"; };
		E7A692052C4F9E4D005DB1F0 /* DataGenerator.swift */ = {isa = PBXFileReference; lastKnownFileType = sourcecode.swift; path = DataGenerator.swift; sourceTree = "<group>"; };
/* End PBXFileReference section */

/* Begin PBXFrameworksBuildPhase section */
		6B0715F72C4E051A00B1605D /* Frameworks */ = {
			isa = PBXFrameworksBuildPhase;
			buildActionMask = 2147483647;
			files = (
				E705A1322C51E3470094BD55 /* Alamofire in Frameworks */,
				6B0716162C4E058100B1605D /* SnapKit in Frameworks */,
				E550BACB2C4E4BF8000285BD /* KakaoMapsSDK-SPM in Frameworks */,
			);
			runOnlyForDeploymentPostprocessing = 0;
		};
/* End PBXFrameworksBuildPhase section */

/* Begin PBXGroup section */
		43C880BE2C4E7BE300985151 /* Font */ = {
			isa = PBXGroup;
			children = (
				43C880BC2C4E7BE300985151 /* BagelFatOne-Regular.ttf */,
				43C880BD2C4E7BE300985151 /* OFL.txt */,
			);
			path = Font;
			sourceTree = "<group>";
		};
		6B0715F12C4E051A00B1605D = {
			isa = PBXGroup;
			children = (
				6B0715FC2C4E051A00B1605D /* KickboardApp */,
				6B0715FB2C4E051A00B1605D /* Products */,
			);
			sourceTree = "<group>";
		};
		6B0715FB2C4E051A00B1605D /* Products */ = {
			isa = PBXGroup;
			children = (
				6B0715FA2C4E051A00B1605D /* KickboardApp.app */,
			);
			name = Products;
			sourceTree = "<group>";
		};
		6B0715FC2C4E051A00B1605D /* KickboardApp */ = {
			isa = PBXGroup;
			children = (
				6B0716062C4E051A00B1605D /* KickboardApp.xcdatamodeld */,
				6B0715FD2C4E051A00B1605D /* AppDelegate.swift */,
				6B0715FF2C4E051A00B1605D /* SceneDelegate.swift */,
				6B0716172C4E058800B1605D /* Model */,
				6B0716182C4E05AA00B1605D /* View */,
				6B0716192C4E05B100B1605D /* Controller */,
				E77D471D2C54B64000D9347B /* Utilities */,
				E7A692042C4F9E2F005DB1F0 /* Data */,
				E705A1332C51E3560094BD55 /* Network */,
				43C880BE2C4E7BE300985151 /* Font */,
				6B0716092C4E051C00B1605D /* Assets.xcassets */,
				6B07160B2C4E051C00B1605D /* LaunchScreen.storyboard */,
				6B07160E2C4E051C00B1605D /* Info.plist */,
			);
			path = KickboardApp;
			sourceTree = "<group>";
		};
		6B0716172C4E058800B1605D /* Model */ = {
			isa = PBXGroup;
			children = (
				E72183152C4E3BB20050A6F0 /* Kickboards+CoreDataClass.swift */,
				E72183162C4E3BB20050A6F0 /* Kickboards+CoreDataProperties.swift */,
				E72183172C4E3BB20050A6F0 /* Users+CoreDataClass.swift */,
				E72183182C4E3BB20050A6F0 /* Users+CoreDataProperties.swift */,
				E72183192C4E3BB20050A6F0 /* RideData+CoreDataClass.swift */,
				E721831A2C4E3BB20050A6F0 /* RideData+CoreDataProperties.swift */,
				E519AC472C5197E6009D6A54 /* POIModel.swift */,
				6B07165B2C50D36D00B1605D /* TimerModel.swift */,
				E705A1382C51E3DB0094BD55 /* SearchedAddressModel.swift */,
				E77D47202C54EBFF00D9347B /* MapButtonModel.swift */,
			);
			path = Model;
			sourceTree = "<group>";
		};
		6B0716182C4E05AA00B1605D /* View */ = {
			isa = PBXGroup;
			children = (
				43C880BA2C4E46DC00985151 /* LoginView.swift */,
				14EFB2152C4F46D60074E1ED /* SignUpView.swift */,
				E77D47272C56705800D9347B /* HistoryView */,
				6B07165A2C50D13200B1605D /* ReturnPageView */,
				E77D47242C55347E00D9347B /* MapView */,
			);
			path = View;
			sourceTree = "<group>";
		};
		6B0716192C4E05B100B1605D /* Controller */ = {
			isa = PBXGroup;
			children = (
				E721834F2C4F77080050A6F0 /* MainTabbarController.swift */,
				6B0716012C4E051A00B1605D /* MapViewController.swift */,
				E72182FB2C4E33100050A6F0 /* LoginViewController.swift */,
				E72182FD2C4E33600050A6F0 /* SignUpViewController.swift */,
				E72182FF2C4E336F0050A6F0 /* ReturnViewController.swift */,
				43DF1A772C4F923500E6C7C1 /* MyPageViewController.swift */,
				E5D672BF2C5687BC00E6CF26 /* HistoryViewController.swift */,
				6B0716532C4FF57400B1605D /* ModalViewController.swift */,
			);
			path = Controller;
			sourceTree = "<group>";
		};
		6B0716572C500D5300B1605D /* ModalView */ = {
			isa = PBXGroup;
			children = (
				6B0716552C4FFBC700B1605D /* PayHalfModalView.swift */,
				6B0716582C500DD200B1605D /* PromotionHalfModalView.swift */,
			);
			path = ModalView;
			sourceTree = "<group>";
		};
		6B07165A2C50D13200B1605D /* ReturnPageView */ = {
			isa = PBXGroup;
			children = (
				E5AD93822C520C940080FB16 /* ReturnView.swift */,
				6B0716572C500D5300B1605D /* ModalView */,
			);
			path = ReturnPageView;
			sourceTree = "<group>";
		};
		E705A1332C51E3560094BD55 /* Network */ = {
			isa = PBXGroup;
			children = (
				E705A1342C51E38A0094BD55 /* NetworkManager.swift */,
			);
			path = Network;
			sourceTree = "<group>";
		};
		E77D471D2C54B64000D9347B /* Utilities */ = {
			isa = PBXGroup;
			children = (
				E77D471E2C54B68D00D9347B /* UIViewControllerExtension.swift */,
				E77D47222C552AC600D9347B /* UIColorExtension.swift */,
			);
			path = Utilities;
			sourceTree = "<group>";
		};
		E77D47242C55347E00D9347B /* MapView */ = {
			isa = PBXGroup;
			children = (
				E51B40922C50C0BE005F223A /* MapView.swift */,
				E77D47252C55349F00D9347B /* AlertImageView.swift */,
				E705A1362C51E3A40094BD55 /* SearchMapView.swift */,
			);
			path = MapView;
			sourceTree = "<group>";
		};
		E77D47272C56705800D9347B /* HistoryView */ = {
			isa = PBXGroup;
			children = (
				E5D672C12C56913F00E6CF26 /* HistoryView.swift */,
				43DF1A792C4F92AF00E6C7C1 /* MyPageView.swift */,
				43DF1A7D2C4F9C0900E6C7C1 /* HistoryTableViewCell.swift */,
			);
			path = HistoryView;
			sourceTree = "<group>";
		};
		E7A692042C4F9E2F005DB1F0 /* Data */ = {
			isa = PBXGroup;
			children = (
				E72183252C4E5EA10050A6F0 /* CoreDataManager.swift */,
				E7A692052C4F9E4D005DB1F0 /* DataGenerator.swift */,
			);
			path = Data;
			sourceTree = "<group>";
		};
/* End PBXGroup section */

/* Begin PBXNativeTarget section */
		6B0715F92C4E051A00B1605D /* KickboardApp */ = {
			isa = PBXNativeTarget;
			buildConfigurationList = 6B0716112C4E051C00B1605D /* Build configuration list for PBXNativeTarget "KickboardApp" */;
			buildPhases = (
				6B0715F62C4E051A00B1605D /* Sources */,
				6B0715F72C4E051A00B1605D /* Frameworks */,
				6B0715F82C4E051A00B1605D /* Resources */,
			);
			buildRules = (
			);
			dependencies = (
			);
			name = KickboardApp;
			packageProductDependencies = (
				6B0716152C4E058100B1605D /* SnapKit */,
				E550BACA2C4E4BF8000285BD /* KakaoMapsSDK-SPM */,
				E705A1312C51E3470094BD55 /* Alamofire */,
			);
			productName = KickboardApp;
			productReference = 6B0715FA2C4E051A00B1605D /* KickboardApp.app */;
			productType = "com.apple.product-type.application";
		};
/* End PBXNativeTarget section */

/* Begin PBXProject section */
		6B0715F22C4E051A00B1605D /* Project object */ = {
			isa = PBXProject;
			attributes = {
				BuildIndependentTargetsInParallel = 1;
				LastSwiftUpdateCheck = 1540;
				LastUpgradeCheck = 1540;
				TargetAttributes = {
					6B0715F92C4E051A00B1605D = {
						CreatedOnToolsVersion = 15.4;
					};
				};
			};
			buildConfigurationList = 6B0715F52C4E051A00B1605D /* Build configuration list for PBXProject "KickboardApp" */;
			compatibilityVersion = "Xcode 14.0";
			developmentRegion = en;
			hasScannedForEncodings = 0;
			knownRegions = (
				en,
				Base,
			);
			mainGroup = 6B0715F12C4E051A00B1605D;
			packageReferences = (
				6B0716142C4E058100B1605D /* XCRemoteSwiftPackageReference "SnapKit" */,
				E550BAC92C4E4BF8000285BD /* XCRemoteSwiftPackageReference "KakaoMapsSDK-SPM" */,
				E705A1302C51E3470094BD55 /* XCRemoteSwiftPackageReference "Alamofire" */,
			);
			productRefGroup = 6B0715FB2C4E051A00B1605D /* Products */;
			projectDirPath = "";
			projectRoot = "";
			targets = (
				6B0715F92C4E051A00B1605D /* KickboardApp */,
			);
		};
/* End PBXProject section */

/* Begin PBXResourcesBuildPhase section */
		6B0715F82C4E051A00B1605D /* Resources */ = {
			isa = PBXResourcesBuildPhase;
			buildActionMask = 2147483647;
			files = (
				43C880BF2C4E7BE300985151 /* BagelFatOne-Regular.ttf in Resources */,
				6B07160A2C4E051C00B1605D /* Assets.xcassets in Resources */,
				43C880C02C4E7BE300985151 /* OFL.txt in Resources */,
				6B07160D2C4E051C00B1605D /* Base in Resources */,
			);
			runOnlyForDeploymentPostprocessing = 0;
		};
/* End PBXResourcesBuildPhase section */

/* Begin PBXSourcesBuildPhase section */
		6B0715F62C4E051A00B1605D /* Sources */ = {
			isa = PBXSourcesBuildPhase;
			buildActionMask = 2147483647;
			files = (
				E77D471F2C54B68D00D9347B /* UIViewControllerExtension.swift in Sources */,
				E705A1352C51E38A0094BD55 /* NetworkManager.swift in Sources */,
				6B0716592C500DD200B1605D /* PromotionHalfModalView.swift in Sources */,
				E5D672C22C56913F00E6CF26 /* HistoryView.swift in Sources */,
				E51B40932C50C0BE005F223A /* MapView.swift in Sources */,
				6B0716562C4FFBC800B1605D /* PayHalfModalView.swift in Sources */,
				E72182FE2C4E33600050A6F0 /* SignUpViewController.swift in Sources */,
				E5AD93832C520C940080FB16 /* ReturnView.swift in Sources */,
				6B0716082C4E051A00B1605D /* KickboardApp.xcdatamodeld in Sources */,
				14EFB2162C4F46D60074E1ED /* SignUpView.swift in Sources */,
				E721831B2C4E3BB20050A6F0 /* Kickboards+CoreDataClass.swift in Sources */,
				E72183262C4E5EA10050A6F0 /* CoreDataManager.swift in Sources */,
				43C880BB2C4E46DC00985151 /* LoginView.swift in Sources */,
				E72183502C4F77080050A6F0 /* MainTabbarController.swift in Sources */,
				E77D47262C55349F00D9347B /* AlertImageView.swift in Sources */,
				E721831C2C4E3BB20050A6F0 /* Kickboards+CoreDataProperties.swift in Sources */,
				E5D672C02C5687BC00E6CF26 /* HistoryViewController.swift in Sources */,
				E721831D2C4E3BB20050A6F0 /* Users+CoreDataClass.swift in Sources */,
				E705A1372C51E3A40094BD55 /* SearchMapView.swift in Sources */,
				43DF1A7E2C4F9C0900E6C7C1 /* HistoryTableViewCell.swift in Sources */,
				E77D47232C552AC600D9347B /* UIColorExtension.swift in Sources */,
				E721831E2C4E3BB20050A6F0 /* Users+CoreDataProperties.swift in Sources */,
				E7A692062C4F9E4D005DB1F0 /* DataGenerator.swift in Sources */,
				E519AC482C5197E6009D6A54 /* POIModel.swift in Sources */,
				E721831F2C4E3BB20050A6F0 /* RideData+CoreDataClass.swift in Sources */,
				6B0716542C4FF57400B1605D /* ModalViewController.swift in Sources */,
				E72183202C4E3BB20050A6F0 /* RideData+CoreDataProperties.swift in Sources */,
				6B0716022C4E051A00B1605D /* MapViewController.swift in Sources */,
				6B07165C2C50D36D00B1605D /* TimerModel.swift in Sources */,
				6B0715FE2C4E051A00B1605D /* AppDelegate.swift in Sources */,
				E72183002C4E336F0050A6F0 /* ReturnViewController.swift in Sources */,
				E77D47212C54EBFF00D9347B /* MapButtonModel.swift in Sources */,
				E705A1392C51E3DB0094BD55 /* SearchedAddressModel.swift in Sources */,
				E72182FC2C4E33100050A6F0 /* LoginViewController.swift in Sources */,
				43DF1A782C4F923500E6C7C1 /* MyPageViewController.swift in Sources */,
				43DF1A7A2C4F92AF00E6C7C1 /* MyPageView.swift in Sources */,
				6B0716002C4E051A00B1605D /* SceneDelegate.swift in Sources */,
			);
			runOnlyForDeploymentPostprocessing = 0;
		};
/* End PBXSourcesBuildPhase section */

/* Begin PBXVariantGroup section */
		6B07160B2C4E051C00B1605D /* LaunchScreen.storyboard */ = {
			isa = PBXVariantGroup;
			children = (
				6B07160C2C4E051C00B1605D /* Base */,
			);
			name = LaunchScreen.storyboard;
			sourceTree = "<group>";
		};
/* End PBXVariantGroup section */

/* Begin XCBuildConfiguration section */
		6B07160F2C4E051C00B1605D /* Debug */ = {
			isa = XCBuildConfiguration;
			buildSettings = {
				ALWAYS_SEARCH_USER_PATHS = NO;
				ASSETCATALOG_COMPILER_GENERATE_SWIFT_ASSET_SYMBOL_EXTENSIONS = YES;
				CLANG_ANALYZER_NONNULL = YES;
				CLANG_ANALYZER_NUMBER_OBJECT_CONVERSION = YES_AGGRESSIVE;
				CLANG_CXX_LANGUAGE_STANDARD = "gnu++20";
				CLANG_ENABLE_MODULES = YES;
				CLANG_ENABLE_OBJC_ARC = YES;
				CLANG_ENABLE_OBJC_WEAK = YES;
				CLANG_WARN_BLOCK_CAPTURE_AUTORELEASING = YES;
				CLANG_WARN_BOOL_CONVERSION = YES;
				CLANG_WARN_COMMA = YES;
				CLANG_WARN_CONSTANT_CONVERSION = YES;
				CLANG_WARN_DEPRECATED_OBJC_IMPLEMENTATIONS = YES;
				CLANG_WARN_DIRECT_OBJC_ISA_USAGE = YES_ERROR;
				CLANG_WARN_DOCUMENTATION_COMMENTS = YES;
				CLANG_WARN_EMPTY_BODY = YES;
				CLANG_WARN_ENUM_CONVERSION = YES;
				CLANG_WARN_INFINITE_RECURSION = YES;
				CLANG_WARN_INT_CONVERSION = YES;
				CLANG_WARN_NON_LITERAL_NULL_CONVERSION = YES;
				CLANG_WARN_OBJC_IMPLICIT_RETAIN_SELF = YES;
				CLANG_WARN_OBJC_LITERAL_CONVERSION = YES;
				CLANG_WARN_OBJC_ROOT_CLASS = YES_ERROR;
				CLANG_WARN_QUOTED_INCLUDE_IN_FRAMEWORK_HEADER = YES;
				CLANG_WARN_RANGE_LOOP_ANALYSIS = YES;
				CLANG_WARN_STRICT_PROTOTYPES = YES;
				CLANG_WARN_SUSPICIOUS_MOVE = YES;
				CLANG_WARN_UNGUARDED_AVAILABILITY = YES_AGGRESSIVE;
				CLANG_WARN_UNREACHABLE_CODE = YES;
				CLANG_WARN__DUPLICATE_METHOD_MATCH = YES;
				COPY_PHASE_STRIP = NO;
				DEBUG_INFORMATION_FORMAT = dwarf;
				ENABLE_STRICT_OBJC_MSGSEND = YES;
				ENABLE_TESTABILITY = YES;
				ENABLE_USER_SCRIPT_SANDBOXING = YES;
				GCC_C_LANGUAGE_STANDARD = gnu17;
				GCC_DYNAMIC_NO_PIC = NO;
				GCC_NO_COMMON_BLOCKS = YES;
				GCC_OPTIMIZATION_LEVEL = 0;
				GCC_PREPROCESSOR_DEFINITIONS = (
					"DEBUG=1",
					"$(inherited)",
				);
				GCC_WARN_64_TO_32_BIT_CONVERSION = YES;
				GCC_WARN_ABOUT_RETURN_TYPE = YES_ERROR;
				GCC_WARN_UNDECLARED_SELECTOR = YES;
				GCC_WARN_UNINITIALIZED_AUTOS = YES_AGGRESSIVE;
				GCC_WARN_UNUSED_FUNCTION = YES;
				GCC_WARN_UNUSED_VARIABLE = YES;
				IPHONEOS_DEPLOYMENT_TARGET = 17.5;
				LOCALIZATION_PREFERS_STRING_CATALOGS = YES;
				MTL_ENABLE_DEBUG_INFO = INCLUDE_SOURCE;
				MTL_FAST_MATH = YES;
				ONLY_ACTIVE_ARCH = YES;
				SDKROOT = iphoneos;
				SWIFT_ACTIVE_COMPILATION_CONDITIONS = "DEBUG $(inherited)";
				SWIFT_OPTIMIZATION_LEVEL = "-Onone";
			};
			name = Debug;
		};
		6B0716102C4E051C00B1605D /* Release */ = {
			isa = XCBuildConfiguration;
			buildSettings = {
				ALWAYS_SEARCH_USER_PATHS = NO;
				ASSETCATALOG_COMPILER_GENERATE_SWIFT_ASSET_SYMBOL_EXTENSIONS = YES;
				CLANG_ANALYZER_NONNULL = YES;
				CLANG_ANALYZER_NUMBER_OBJECT_CONVERSION = YES_AGGRESSIVE;
				CLANG_CXX_LANGUAGE_STANDARD = "gnu++20";
				CLANG_ENABLE_MODULES = YES;
				CLANG_ENABLE_OBJC_ARC = YES;
				CLANG_ENABLE_OBJC_WEAK = YES;
				CLANG_WARN_BLOCK_CAPTURE_AUTORELEASING = YES;
				CLANG_WARN_BOOL_CONVERSION = YES;
				CLANG_WARN_COMMA = YES;
				CLANG_WARN_CONSTANT_CONVERSION = YES;
				CLANG_WARN_DEPRECATED_OBJC_IMPLEMENTATIONS = YES;
				CLANG_WARN_DIRECT_OBJC_ISA_USAGE = YES_ERROR;
				CLANG_WARN_DOCUMENTATION_COMMENTS = YES;
				CLANG_WARN_EMPTY_BODY = YES;
				CLANG_WARN_ENUM_CONVERSION = YES;
				CLANG_WARN_INFINITE_RECURSION = YES;
				CLANG_WARN_INT_CONVERSION = YES;
				CLANG_WARN_NON_LITERAL_NULL_CONVERSION = YES;
				CLANG_WARN_OBJC_IMPLICIT_RETAIN_SELF = YES;
				CLANG_WARN_OBJC_LITERAL_CONVERSION = YES;
				CLANG_WARN_OBJC_ROOT_CLASS = YES_ERROR;
				CLANG_WARN_QUOTED_INCLUDE_IN_FRAMEWORK_HEADER = YES;
				CLANG_WARN_RANGE_LOOP_ANALYSIS = YES;
				CLANG_WARN_STRICT_PROTOTYPES = YES;
				CLANG_WARN_SUSPICIOUS_MOVE = YES;
				CLANG_WARN_UNGUARDED_AVAILABILITY = YES_AGGRESSIVE;
				CLANG_WARN_UNREACHABLE_CODE = YES;
				CLANG_WARN__DUPLICATE_METHOD_MATCH = YES;
				COPY_PHASE_STRIP = NO;
				DEBUG_INFORMATION_FORMAT = "dwarf-with-dsym";
				ENABLE_NS_ASSERTIONS = NO;
				ENABLE_STRICT_OBJC_MSGSEND = YES;
				ENABLE_USER_SCRIPT_SANDBOXING = YES;
				GCC_C_LANGUAGE_STANDARD = gnu17;
				GCC_NO_COMMON_BLOCKS = YES;
				GCC_WARN_64_TO_32_BIT_CONVERSION = YES;
				GCC_WARN_ABOUT_RETURN_TYPE = YES_ERROR;
				GCC_WARN_UNDECLARED_SELECTOR = YES;
				GCC_WARN_UNINITIALIZED_AUTOS = YES_AGGRESSIVE;
				GCC_WARN_UNUSED_FUNCTION = YES;
				GCC_WARN_UNUSED_VARIABLE = YES;
				IPHONEOS_DEPLOYMENT_TARGET = 17.5;
				LOCALIZATION_PREFERS_STRING_CATALOGS = YES;
				MTL_ENABLE_DEBUG_INFO = NO;
				MTL_FAST_MATH = YES;
				SDKROOT = iphoneos;
				SWIFT_COMPILATION_MODE = wholemodule;
				VALIDATE_PRODUCT = YES;
			};
			name = Release;
		};
		6B0716122C4E051C00B1605D /* Debug */ = {
			isa = XCBuildConfiguration;
			buildSettings = {
				ASSETCATALOG_COMPILER_APPICON_NAME = AppIcon;
				ASSETCATALOG_COMPILER_GLOBAL_ACCENT_COLOR_NAME = AccentColor;
				CODE_SIGN_STYLE = Automatic;
				CURRENT_PROJECT_VERSION = 1;
				DEVELOPMENT_TEAM = 5RULM9TM7R;
				GENERATE_INFOPLIST_FILE = YES;
				INFOPLIST_FILE = KickboardApp/Info.plist;
				INFOPLIST_KEY_UIApplicationSupportsIndirectInputEvents = YES;
				INFOPLIST_KEY_UILaunchStoryboardName = LaunchScreen;
				INFOPLIST_KEY_UISupportedInterfaceOrientations_iPad = "UIInterfaceOrientationPortrait UIInterfaceOrientationPortraitUpsideDown UIInterfaceOrientationLandscapeLeft UIInterfaceOrientationLandscapeRight";
				INFOPLIST_KEY_UISupportedInterfaceOrientations_iPhone = "UIInterfaceOrientationPortrait UIInterfaceOrientationLandscapeLeft UIInterfaceOrientationLandscapeRight";
				IPHONEOS_DEPLOYMENT_TARGET = 15.6;
				LD_RUNPATH_SEARCH_PATHS = (
					"$(inherited)",
					"@executable_path/Frameworks",
				);
				MARKETING_VERSION = 1.0;
				PRODUCT_BUNDLE_IDENTIFIER = com.daesung.KickboardApp;
				PRODUCT_NAME = "$(TARGET_NAME)";
				SWIFT_EMIT_LOC_STRINGS = YES;
				SWIFT_VERSION = 5.0;
				TARGETED_DEVICE_FAMILY = "1,2";
			};
			name = Debug;
		};
		6B0716132C4E051C00B1605D /* Release */ = {
			isa = XCBuildConfiguration;
			buildSettings = {
				ASSETCATALOG_COMPILER_APPICON_NAME = AppIcon;
				ASSETCATALOG_COMPILER_GLOBAL_ACCENT_COLOR_NAME = AccentColor;
				CODE_SIGN_STYLE = Automatic;
				CURRENT_PROJECT_VERSION = 1;
				DEVELOPMENT_TEAM = 5RULM9TM7R;
				GENERATE_INFOPLIST_FILE = YES;
				INFOPLIST_FILE = KickboardApp/Info.plist;
				INFOPLIST_KEY_UIApplicationSupportsIndirectInputEvents = YES;
				INFOPLIST_KEY_UILaunchStoryboardName = LaunchScreen;
				INFOPLIST_KEY_UISupportedInterfaceOrientations_iPad = "UIInterfaceOrientationPortrait UIInterfaceOrientationPortraitUpsideDown UIInterfaceOrientationLandscapeLeft UIInterfaceOrientationLandscapeRight";
				INFOPLIST_KEY_UISupportedInterfaceOrientations_iPhone = "UIInterfaceOrientationPortrait UIInterfaceOrientationLandscapeLeft UIInterfaceOrientationLandscapeRight";
				IPHONEOS_DEPLOYMENT_TARGET = 15.6;
				LD_RUNPATH_SEARCH_PATHS = (
					"$(inherited)",
					"@executable_path/Frameworks",
				);
				MARKETING_VERSION = 1.0;
				PRODUCT_BUNDLE_IDENTIFIER = com.daesung.KickboardApp;
				PRODUCT_NAME = "$(TARGET_NAME)";
				SWIFT_EMIT_LOC_STRINGS = YES;
				SWIFT_VERSION = 5.0;
				TARGETED_DEVICE_FAMILY = "1,2";
			};
			name = Release;
		};
/* End XCBuildConfiguration section */

/* Begin XCConfigurationList section */
		6B0715F52C4E051A00B1605D /* Build configuration list for PBXProject "KickboardApp" */ = {
			isa = XCConfigurationList;
			buildConfigurations = (
				6B07160F2C4E051C00B1605D /* Debug */,
				6B0716102C4E051C00B1605D /* Release */,
			);
			defaultConfigurationIsVisible = 0;
			defaultConfigurationName = Release;
		};
		6B0716112C4E051C00B1605D /* Build configuration list for PBXNativeTarget "KickboardApp" */ = {
			isa = XCConfigurationList;
			buildConfigurations = (
				6B0716122C4E051C00B1605D /* Debug */,
				6B0716132C4E051C00B1605D /* Release */,
			);
			defaultConfigurationIsVisible = 0;
			defaultConfigurationName = Release;
		};
/* End XCConfigurationList section */

/* Begin XCRemoteSwiftPackageReference section */
		6B0716142C4E058100B1605D /* XCRemoteSwiftPackageReference "SnapKit" */ = {
			isa = XCRemoteSwiftPackageReference;
			repositoryURL = "https://github.com/SnapKit/SnapKit.git";
			requirement = {
				kind = upToNextMajorVersion;
				minimumVersion = 5.7.1;
			};
		};
		E550BAC92C4E4BF8000285BD /* XCRemoteSwiftPackageReference "KakaoMapsSDK-SPM" */ = {
			isa = XCRemoteSwiftPackageReference;
			repositoryURL = "https://github.com/kakao-mapsSDK/KakaoMapsSDK-SPM.git";
			requirement = {
				kind = upToNextMajorVersion;
				minimumVersion = 2.10.5;
			};
		};
		E705A1302C51E3470094BD55 /* XCRemoteSwiftPackageReference "Alamofire" */ = {
			isa = XCRemoteSwiftPackageReference;
			repositoryURL = "https://github.com/Alamofire/Alamofire.git";
			requirement = {
				kind = upToNextMajorVersion;
				minimumVersion = 5.9.1;
			};
		};
/* End XCRemoteSwiftPackageReference section */

/* Begin XCSwiftPackageProductDependency section */
		6B0716152C4E058100B1605D /* SnapKit */ = {
			isa = XCSwiftPackageProductDependency;
			package = 6B0716142C4E058100B1605D /* XCRemoteSwiftPackageReference "SnapKit" */;
			productName = SnapKit;
		};
		E550BACA2C4E4BF8000285BD /* KakaoMapsSDK-SPM */ = {
			isa = XCSwiftPackageProductDependency;
			package = E550BAC92C4E4BF8000285BD /* XCRemoteSwiftPackageReference "KakaoMapsSDK-SPM" */;
			productName = "KakaoMapsSDK-SPM";
		};
		E705A1312C51E3470094BD55 /* Alamofire */ = {
			isa = XCSwiftPackageProductDependency;
			package = E705A1302C51E3470094BD55 /* XCRemoteSwiftPackageReference "Alamofire" */;
			productName = Alamofire;
		};
/* End XCSwiftPackageProductDependency section */

/* Begin XCVersionGroup section */
		6B0716062C4E051A00B1605D /* KickboardApp.xcdatamodeld */ = {
			isa = XCVersionGroup;
			children = (
				6B0716072C4E051A00B1605D /* KickboardApp.xcdatamodel */,
			);
			currentVersion = 6B0716072C4E051A00B1605D /* KickboardApp.xcdatamodel */;
			path = KickboardApp.xcdatamodeld;
			sourceTree = "<group>";
			versionGroupType = wrapper.xcdatamodel;
		};
/* End XCVersionGroup section */
	};
	rootObject = 6B0715F22C4E051A00B1605D /* Project object */;
}
